
Microsoft Visual Studio Solution File, Format Version 12.00
# Visual Studio Version 17
VisualStudioVersion = 17.0.31903.59
MinimumVisualStudioVersion = 10.0.40219.1
Project("{2150E333-8FDC-42A3-9474-1A3956D46DE8}") = "src", "src", "{827E0CD3-B72D-47B6-A68D-7590B98EB39B}"
EndProject
Project("{FAE04EC0-301F-11D3-BF4B-00C04F79EFBC}") = "McpApi.Core", "src\McpApi.Core\McpApi.Core.csproj", "{70496B6C-BDAE-431D-8C16-BFE6D215DE2C}"
EndProject
Project("{FAE04EC0-301F-11D3-BF4B-00C04F79EFBC}") = "McpApi.Mcp", "src\McpApi.Mcp\McpApi.Mcp.csproj", "{D63065B5-5FCE-46C2-8D6F-050A64E2CCF3}"
EndProject
Project("{FAE04EC0-301F-11D3-BF4B-00C04F79EFBC}") = "McpApi.Core.Tests", "tests\McpApi.Core.Tests\McpApi.Core.Tests.csproj", "{1CE11361-7E9C-4D5A-99FD-2C61CDCB0F7E}"
EndProject
Project("{FAE04EC0-301F-11D3-BF4B-00C04F79EFBC}") = "McpApi.Mcp.Tests", "tests\McpApi.Mcp.Tests\McpApi.Mcp.Tests.csproj", "{CBA75A1D-BDB7-4554-8A7E-B4E98A236587}"
EndProject
Project("{FAE04EC0-301F-11D3-BF4B-00C04F79EFBC}") = "McpApi.Api", "src\McpApi.Api\McpApi.Api.csproj", "{6FB635A1-3AC1-46F5-974E-CC8AEE078838}"
EndProject
Global
	GlobalSection(SolutionConfigurationPlatforms) = preSolution
		Debug|Any CPU = Debug|Any CPU
		Debug|x64 = Debug|x64
		Debug|x86 = Debug|x86
		Release|Any CPU = Release|Any CPU
		Release|x64 = Release|x64
		Release|x86 = Release|x86
	EndGlobalSection
	GlobalSection(ProjectConfigurationPlatforms) = postSolution
		{70496B6C-BDAE-431D-8C16-BFE6D215DE2C}.Debug|Any CPU.ActiveCfg = Debug|Any CPU
		{70496B6C-BDAE-431D-8C16-BFE6D215DE2C}.Debug|Any CPU.Build.0 = Debug|Any CPU
		{70496B6C-BDAE-431D-8C16-BFE6D215DE2C}.Debug|x64.ActiveCfg = Debug|Any CPU
		{70496B6C-BDAE-431D-8C16-BFE6D215DE2C}.Debug|x64.Build.0 = Debug|Any CPU
		{70496B6C-BDAE-431D-8C16-BFE6D215DE2C}.Debug|x86.ActiveCfg = Debug|Any CPU
		{70496B6C-BDAE-431D-8C16-BFE6D215DE2C}.Debug|x86.Build.0 = Debug|Any CPU
		{70496B6C-BDAE-431D-8C16-BFE6D215DE2C}.Release|Any CPU.ActiveCfg = Release|Any CPU
		{70496B6C-BDAE-431D-8C16-BFE6D215DE2C}.Release|Any CPU.Build.0 = Release|Any CPU
		{70496B6C-BDAE-431D-8C16-BFE6D215DE2C}.Release|x64.ActiveCfg = Release|Any CPU
		{70496B6C-BDAE-431D-8C16-BFE6D215DE2C}.Release|x64.Build.0 = Release|Any CPU
		{70496B6C-BDAE-431D-8C16-BFE6D215DE2C}.Release|x86.ActiveCfg = Release|Any CPU
		{70496B6C-BDAE-431D-8C16-BFE6D215DE2C}.Release|x86.Build.0 = Release|Any CPU
		{D63065B5-5FCE-46C2-8D6F-050A64E2CCF3}.Debug|Any CPU.ActiveCfg = Debug|Any CPU
		{D63065B5-5FCE-46C2-8D6F-050A64E2CCF3}.Debug|Any CPU.Build.0 = Debug|Any CPU
		{D63065B5-5FCE-46C2-8D6F-050A64E2CCF3}.Debug|x64.ActiveCfg = Debug|Any CPU
		{D63065B5-5FCE-46C2-8D6F-050A64E2CCF3}.Debug|x64.Build.0 = Debug|Any CPU
		{D63065B5-5FCE-46C2-8D6F-050A64E2CCF3}.Debug|x86.ActiveCfg = Debug|Any CPU
		{D63065B5-5FCE-46C2-8D6F-050A64E2CCF3}.Debug|x86.Build.0 = Debug|Any CPU
		{D63065B5-5FCE-46C2-8D6F-050A64E2CCF3}.Release|Any CPU.ActiveCfg = Release|Any CPU
		{D63065B5-5FCE-46C2-8D6F-050A64E2CCF3}.Release|Any CPU.Build.0 = Release|Any CPU
		{D63065B5-5FCE-46C2-8D6F-050A64E2CCF3}.Release|x64.ActiveCfg = Release|Any CPU
		{D63065B5-5FCE-46C2-8D6F-050A64E2CCF3}.Release|x64.Build.0 = Release|Any CPU
		{D63065B5-5FCE-46C2-8D6F-050A64E2CCF3}.Release|x86.ActiveCfg = Release|Any CPU
		{D63065B5-5FCE-46C2-8D6F-050A64E2CCF3}.Release|x86.Build.0 = Release|Any CPU
		{1CE11361-7E9C-4D5A-99FD-2C61CDCB0F7E}.Debug|Any CPU.ActiveCfg = Debug|Any CPU
		{1CE11361-7E9C-4D5A-99FD-2C61CDCB0F7E}.Debug|Any CPU.Build.0 = Debug|Any CPU
		{1CE11361-7E9C-4D5A-99FD-2C61CDCB0F7E}.Debug|x64.ActiveCfg = Debug|Any CPU
		{1CE11361-7E9C-4D5A-99FD-2C61CDCB0F7E}.Debug|x64.Build.0 = Debug|Any CPU
		{1CE11361-7E9C-4D5A-99FD-2C61CDCB0F7E}.Debug|x86.ActiveCfg = Debug|Any CPU
		{1CE11361-7E9C-4D5A-99FD-2C61CDCB0F7E}.Debug|x86.Build.0 = Debug|Any CPU
		{1CE11361-7E9C-4D5A-99FD-2C61CDCB0F7E}.Release|Any CPU.ActiveCfg = Release|Any CPU
		{1CE11361-7E9C-4D5A-99FD-2C61CDCB0F7E}.Release|Any CPU.Build.0 = Release|Any CPU
		{1CE11361-7E9C-4D5A-99FD-2C61CDCB0F7E}.Release|x64.ActiveCfg = Release|Any CPU
		{1CE11361-7E9C-4D5A-99FD-2C61CDCB0F7E}.Release|x64.Build.0 = Release|Any CPU
		{1CE11361-7E9C-4D5A-99FD-2C61CDCB0F7E}.Release|x86.ActiveCfg = Release|Any CPU
		{1CE11361-7E9C-4D5A-99FD-2C61CDCB0F7E}.Release|x86.Build.0 = Release|Any CPU
		{CBA75A1D-BDB7-4554-8A7E-B4E98A236587}.Debug|Any CPU.ActiveCfg = Debug|Any CPU
		{CBA75A1D-BDB7-4554-8A7E-B4E98A236587}.Debug|Any CPU.Build.0 = Debug|Any CPU
		{CBA75A1D-BDB7-4554-8A7E-B4E98A236587}.Debug|x64.ActiveCfg = Debug|Any CPU
		{CBA75A1D-BDB7-4554-8A7E-B4E98A236587}.Debug|x64.Build.0 = Debug|Any CPU
		{CBA75A1D-BDB7-4554-8A7E-B4E98A236587}.Debug|x86.ActiveCfg = Debug|Any CPU
		{CBA75A1D-BDB7-4554-8A7E-B4E98A236587}.Debug|x86.Build.0 = Debug|Any CPU
		{CBA75A1D-BDB7-4554-8A7E-B4E98A236587}.Release|Any CPU.ActiveCfg = Release|Any CPU
		{CBA75A1D-BDB7-4554-8A7E-B4E98A236587}.Release|Any CPU.Build.0 = Release|Any CPU
		{CBA75A1D-BDB7-4554-8A7E-B4E98A236587}.Release|x64.ActiveCfg = Release|Any CPU
		{CBA75A1D-BDB7-4554-8A7E-B4E98A236587}.Release|x64.Build.0 = Release|Any CPU
		{CBA75A1D-BDB7-4554-8A7E-B4E98A236587}.Release|x86.ActiveCfg = Release|Any CPU
		{CBA75A1D-BDB7-4554-8A7E-B4E98A236587}.Release|x86.Build.0 = Release|Any CPU
		{6FB635A1-3AC1-46F5-974E-CC8AEE078838}.Debug|Any CPU.ActiveCfg = Debug|Any CPU
		{6FB635A1-3AC1-46F5-974E-CC8AEE078838}.Debug|Any CPU.Build.0 = Debug|Any CPU
		{6FB635A1-3AC1-46F5-974E-CC8AEE078838}.Debug|x64.ActiveCfg = Debug|Any CPU
		{6FB635A1-3AC1-46F5-974E-CC8AEE078838}.Debug|x64.Build.0 = Debug|Any CPU
		{6FB635A1-3AC1-46F5-974E-CC8AEE078838}.Debug|x86.ActiveCfg = Debug|Any CPU
		{6FB635A1-3AC1-46F5-974E-CC8AEE078838}.Debug|x86.Build.0 = Debug|Any CPU
		{6FB635A1-3AC1-46F5-974E-CC8AEE078838}.Release|Any CPU.ActiveCfg = Release|Any CPU
		{6FB635A1-3AC1-46F5-974E-CC8AEE078838}.Release|Any CPU.Build.0 = Release|Any CPU
		{6FB635A1-3AC1-46F5-974E-CC8AEE078838}.Release|x64.ActiveCfg = Release|Any CPU
		{6FB635A1-3AC1-46F5-974E-CC8AEE078838}.Release|x64.Build.0 = Release|Any CPU
		{6FB635A1-3AC1-46F5-974E-CC8AEE078838}.Release|x86.ActiveCfg = Release|Any CPU
		{6FB635A1-3AC1-46F5-974E-CC8AEE078838}.Release|x86.Build.0 = Release|Any CPU
	EndGlobalSection
	GlobalSection(SolutionProperties) = preSolution
		HideSolutionNode = FALSE
	EndGlobalSection
	GlobalSection(NestedProjects) = preSolution
		{70496B6C-BDAE-431D-8C16-BFE6D215DE2C} = {827E0CD3-B72D-47B6-A68D-7590B98EB39B}
		{D63065B5-5FCE-46C2-8D6F-050A64E2CCF3} = {827E0CD3-B72D-47B6-A68D-7590B98EB39B}
		{1CE11361-7E9C-4D5A-99FD-2C61CDCB0F7E} = {827E0CD3-B72D-47B6-A68D-7590B98EB39B}
		{CBA75A1D-BDB7-4554-8A7E-B4E98A236587} = {827E0CD3-B72D-47B6-A68D-7590B98EB39B}
		{6FB635A1-3AC1-46F5-974E-CC8AEE078838} = {827E0CD3-B72D-47B6-A68D-7590B98EB39B}
	EndGlobalSection
EndGlobal
